<?xml version="1.0" encoding="utf-8"?>
<Project ToolsVersion="4.0" xmlns="http://schemas.microsoft.com/developer/msbuild/2003">
  <ItemGroup>
    <Filter Include="Source Files">
      <UniqueIdentifier>{4FC737F1-C7A5-4376-A066-2A32D752A2FF}</UniqueIdentifier>
      <Extensions>cpp;c;cc;cxx;def;odl;idl;hpj;bat;asm;asmx</Extensions>
    </Filter>
    <Filter Include="Header Files">
      <UniqueIdentifier>{93995380-89BD-4b04-88EB-625FBE52EBFB}</UniqueIdentifier>
      <Extensions>h;hh;hpp;hxx;hm;inl;inc;xsd</Extensions>
    </Filter>
    <Filter Include="Resource Files">
      <UniqueIdentifier>{67DA6AB6-F800-4c08-8B7A-83BB121AAD01}</UniqueIdentifier>
      <Extensions>rc;ico;cur;bmp;dlg;rc2;rct;bin;rgs;gif;jpg;jpeg;jpe;resx;tiff;tif;png;wav;mfcribbon-ms</Extensions>
    </Filter>
    <Filter Include="Header Files\editors">
      <UniqueIdentifier>{50737557-24a4-4a68-86b1-ffc630013299}</UniqueIdentifier>
    </Filter>
    <Filter Include="Header Files\shapes">
      <UniqueIdentifier>{7ebe5872-8132-4be3-acd3-6ff67a890fee}</UniqueIdentifier>
    </Filter>
    <Filter Include="Source Files\editors">
      <UniqueIdentifier>{064a555d-69c3-40a6-a639-2485548efd55}</UniqueIdentifier>
    </Filter>
    <Filter Include="Source Files\shapes">
      <UniqueIdentifier>{8b7a667d-a258-42ee-9c12-5392f017de8f}</UniqueIdentifier>
    </Filter>
  </ItemGroup>
  <ItemGroup>
    <ClInclude Include="stdafx.h">
      <Filter>Header Files</Filter>
    </ClInclude>
    <ClInclude Include="targetver.h">
      <Filter>Header Files</Filter>
    </ClInclude>
    <ClInclude Include="resource.h">
      <Filter>Header Files</Filter>
    </ClInclude>
    <ClInclude Include="Lab3.h">
      <Filter>Header Files</Filter>
    </ClInclude>
    <ClInclude Include="editor.h">
      <Filter>Header Files\editors</Filter>
    </ClInclude>
    <ClInclude Include="Shape.h">
      <Filter>Header Files\shapes</Filter>
    </ClInclude>
    <ClInclude Include="ShapeEditor.h">
      <Filter>Header Files\editors</Filter>
    </ClInclude>
    <ClInclude Include="RectEditor.h">
      <Filter>Header Files\editors</Filter>
    </ClInclude>
    <ClInclude Include="PointEditor.h">
      <Filter>Header Files\editors</Filter>
    </ClInclude>
    <ClInclude Include="LineEditor.h">
      <Filter>Header Files\editors</Filter>
    </ClInclude>
    <ClInclude Include="EllipseEditor.h">
      <Filter>Header Files\editors</Filter>
    </ClInclude>
    <ClInclude Include="EllipseShape.h">
      <Filter>Header Files\shapes</Filter>
    </ClInclude>
    <ClInclude Include="PointShape.h">
      <Filter>Header Files\shapes</Filter>
    </ClInclude>
    <ClInclude Include="RectShape.h">
      <Filter>Header Files\shapes</Filter>
    </ClInclude>
    <ClInclude Include="LineShape.h">
      <Filter>Header Files\shapes</Filter>
    </ClInclude>
    <ClInclude Include="shape_editor.h">
      <Filter>Header Files</Filter>
    </ClInclude>
  </ItemGroup>
  <ItemGroup>
    <ClCompile Include="stdafx.cpp">
      <Filter>Source Files</Filter>
    </ClCompile>
    <ClCompile Include="Lab3.cpp">
      <Filter>Source Files</Filter>
    </ClCompile>
    <ClCompile Include="shape_editor.cpp">
      <Filter>Source Files</Filter>
    </ClCompile>
    <ClCompile Include="EllipseEditor.cpp">
      <Filter>Source Files\editors</Filter>
    </ClCompile>
    <ClCompile Include="LineEditor.cpp">
      <Filter>Source Files\editors</Filter>
    </ClCompile>
    <ClCompile Include="PointEditor.cpp">
      <Filter>Source Files\editors</Filter>
    </ClCompile>
    <ClCompile Include="RectEditor.cpp">
      <Filter>Source Files\editors</Filter>
    </ClCompile>
    <ClCompile Include="ShapeEditor.cpp">
      <Filter>Source Files\editors</Filter>
    </ClCompile>
    <ClCompile Include="editor.cpp">
      <Filter>Source Files\editors</Filter>
    </ClCompile>
    <ClCompile Include="EllipseShape.cpp">
      <Filter>Source Files\shapes</Filter>
    </ClCompile>
    <ClCompile Include="LineShape.cpp">
      <Filter>Source Files\shapes</Filter>
    </ClCompile>
    <ClCompile Include="PointShape.cpp">
      <Filter>Source Files\shapes</Filter>
    </ClCompile>
    <ClCompile Include="RectShape.cpp">
      <Filter>Source Files\shapes</Filter>
    </ClCompile>
    <ClCompile Include="Shape.cpp">
      <Filter>Source Files\shapes</Filter>
    </ClCompile>
  </ItemGroup>
  <ItemGroup>
    <ResourceCompile Include="Lab3.rc">
      <Filter>Resource Files</Filter>
    </ResourceCompile>
  </ItemGroup>
  <ItemGroup>
    <Image Include="small.ico">
      <Filter>Resource Files</Filter>
    </Image>
    <Image Include="Lab3.ico">
      <Filter>Resource Files</Filter>
    </Image>
  </ItemGroup>
</Project>