
Microsoft Visual Studio Solution File, Format Version 12.00
# Visual Studio 15
VisualStudioVersion = 15.0.27004.2010
MinimumVisualStudioVersion = 10.0.40219.1
Project("{8BC9CEB8-8B4A-11D0-8D11-00A0C91BC942}") = "Lab3", "Lab3\Lab3.vcxproj", "{76A93FD3-0E71-4857-94C7-8951FC394A22}"
EndProject
Global
	GlobalSection(SolutionConfigurationPlatforms) = preSolution
		Debug|x64 = Debug|x64
		Debug|x86 = Debug|x86
		Release|x64 = Release|x64
		Release|x86 = Release|x86
	EndGlobalSection
	GlobalSection(ProjectConfigurationPlatforms) = postSolution
		{76A93FD3-0E71-4857-94C7-8951FC394A22}.Debug|x64.ActiveCfg = Debug|x64
		{76A93FD3-0E71-4857-94C7-8951FC394A22}.Debug|x64.Build.0 = Debug|x64
		{76A93FD3-0E71-4857-94C7-8951FC394A22}.Debug|x86.ActiveCfg = Debug|Win32
		{76A93FD3-0E71-4857-94C7-8951FC394A22}.Debug|x86.Build.0 = Debug|Win32
		{76A93FD3-0E71-4857-94C7-8951FC394A22}.Release|x64.ActiveCfg = Release|x64
		{76A93FD3-0E71-4857-94C7-8951FC394A22}.Release|x64.Build.0 = Release|x64
		{76A93FD3-0E71-4857-94C7-8951FC394A22}.Release|x86.ActiveCfg = Release|Win32
		{76A93FD3-0E71-4857-94C7-8951FC394A22}.Release|x86.Build.0 = Release|Win32
	EndGlobalSection
	GlobalSection(SolutionProperties) = preSolution
		HideSolutionNode = FALSE
	EndGlobalSection
	GlobalSection(ExtensibilityGlobals) = postSolution
		SolutionGuid = {750D9023-E4A2-4B5D-B143-5662E32DB0D0}
	EndGlobalSection
EndGlobal
